{
    "_readme": [
        "This file locks the dependencies of your project to a known state",
        "Read more about it at https://getcomposer.org/doc/01-basic-usage.md#installing-dependencies",
        "This file is @generated automatically"
    ],
    "content-hash": "e8ab21de1a817362885dcbd6babad9b9",
    "packages": [
        {
            "name": "composer/installers",
            "version": "v1.6.0",
            "source": {
                "type": "git",
                "url": "https://github.com/composer/installers.git",
                "reference": "cfcca6b1b60bc4974324efb5783c13dca6932b5b"
            },
            "dist": {
                "type": "zip",
                "url": "https://api.github.com/repos/composer/installers/zipball/cfcca6b1b60bc4974324efb5783c13dca6932b5b",
                "reference": "cfcca6b1b60bc4974324efb5783c13dca6932b5b",
                "shasum": ""
            },
            "require": {
                "composer-plugin-api": "^1.0"
            },
            "replace": {
                "roundcube/plugin-installer": "*",
                "shama/baton": "*"
            },
            "require-dev": {
                "composer/composer": "1.0.*@dev",
                "phpunit/phpunit": "^4.8.36"
            },
            "type": "composer-plugin",
            "extra": {
                "class": "Composer\\Installers\\Plugin",
                "branch-alias": {
                    "dev-master": "1.0-dev"
                }
            },
            "autoload": {
                "psr-4": {
                    "Composer\\Installers\\": "src/Composer/Installers"
                }
            },
            "notification-url": "https://packagist.org/downloads/",
            "license": [
                "MIT"
            ],
            "authors": [
                {
                    "name": "Kyle Robinson Young",
                    "email": "kyle@dontkry.com",
                    "homepage": "https://github.com/shama"
                }
            ],
            "description": "A multi-framework Composer library installer",
            "homepage": "https://composer.github.io/installers/",
            "keywords": [
                "Craft",
                "Dolibarr",
                "Eliasis",
                "Hurad",
                "ImageCMS",
                "Kanboard",
                "Lan Management System",
                "MODX Evo",
                "Mautic",
                "Maya",
                "OXID",
                "Plentymarkets",
                "Porto",
                "RadPHP",
                "SMF",
                "Thelia",
                "WolfCMS",
                "agl",
                "aimeos",
                "annotatecms",
                "attogram",
                "bitrix",
                "cakephp",
                "chef",
                "cockpit",
                "codeigniter",
                "concrete5",
                "croogo",
                "dokuwiki",
                "drupal",
                "eZ Platform",
                "elgg",
                "expressionengine",
                "fuelphp",
                "grav",
                "installer",
                "itop",
                "joomla",
                "kohana",
                "laravel",
                "lavalite",
                "lithium",
                "magento",
                "majima",
                "mako",
                "mediawiki",
                "modulework",
                "modx",
                "moodle",
                "osclass",
                "phpbb",
                "piwik",
                "ppi",
                "puppet",
                "pxcms",
                "reindex",
                "roundcube",
                "shopware",
                "silverstripe",
                "sydes",
                "symfony",
                "typo3",
                "wordpress",
                "yawik",
                "zend",
                "zikula"
            ],
            "time": "2018-08-27T06:10:37+00:00"
        },
        {
            "name": "up-plugins/advanced-custom-fields-pro",
            "version": "dev-master",
            "source": {
                "type": "git",
                "url": "https://bitbucket.org/upcomposer/advanced-custom-fields-pro.git",
                "reference": "8599b95d97de6e7205905d2a7afe7119b48641af"
            },
            "dist": {
                "type": "zip",
                "url": "https://bitbucket.org/upcomposer/advanced-custom-fields-pro/get/8599b95d97de6e7205905d2a7afe7119b48641af.zip",
                "reference": "8599b95d97de6e7205905d2a7afe7119b48641af",
                "shasum": ""
            },
            "require": {
                "composer/installers": "~1.0"
            },
            "type": "wordpress-plugin",
            "authors": [
                {
                    "name": "Urban Pixels",
                    "email": "info@urbanpixels.com"
                }
            ],
            "description": "Advanced Custom Fields Pro",
            "homepage": "https://bitbucket.org/upcomposer/advanced-custom-fields-pro",
            "support": {
                "source": "https://bitbucket.org/upcomposer/advanced-custom-fields-pro/src/8599b95d97de6e7205905d2a7afe7119b48641af/?at=master"
            },
            "time": "2018-09-18T18:09:14+00:00"
        },
        {
            "name": "up-plugins/facebook-for-woocommerce",
            "version": "dev-master",
            "source": {
                "type": "git",
                "url": "https://bitbucket.org/upcomposer/facebook-for-woocommerce.git",
                "reference": "d9bfcc93b6ed8d3244527608061b1d58fb02df7f"
            },
            "dist": {
                "type": "zip",
                "url": "https://bitbucket.org/upcomposer/facebook-for-woocommerce/get/d9bfcc93b6ed8d3244527608061b1d58fb02df7f.zip",
                "reference": "d9bfcc93b6ed8d3244527608061b1d58fb02df7f",
                "shasum": ""
            },
            "require": {
                "composer/installers": "~1.0"
            },
            "type": "wordpress-plugin",
            "authors": [
                {
                    "name": "Urban Pixels",
                    "email": "info@urbanpixels.com"
                }
            ],
            "description": "Facebook for WooCommerce",
            "homepage": "https://bitbucket.org/upcomposer/facebook-for-woocommerce",
            "support": {
                "source": "https://bitbucket.org/upcomposer/facebook-for-woocommerce/src/d9bfcc93b6ed8d3244527608061b1d58fb02df7f/?at=master"
            },
            "time": "2018-09-25T14:23:26+00:00"
        },
        {
            "name": "up-plugins/upco-performance",
            "version": "dev-master",
            "source": {
                "type": "git",
                "url": "https://bitbucket.org/upcomposer/upco-performance.git",
                "reference": "cae807bbb239ef93b8824faec1ba92fd820c418c"
            },
            "dist": {
                "type": "zip",
                "url": "https://bitbucket.org/upcomposer/upco-performance/get/cae807bbb239ef93b8824faec1ba92fd820c418c.zip",
                "reference": "cae807bbb239ef93b8824faec1ba92fd820c418c",
                "shasum": ""
            },
            "require": {
                "composer/installers": "~1.0"
            },
            "type": "wordpress-plugin",
            "authors": [
                {
                    "name": "Urban Pixels",
                    "email": "info@urbanpixels.com"
                }
            ],
            "description": "Urban Pixels Performance Plugin",
            "homepage": "https://bitbucket.org/upcomposer/upco-performance",
            "support": {
                "source": "https://bitbucket.org/upcomposer/upco-performance/src/cae807bbb239ef93b8824faec1ba92fd820c418c/?at=master"
            },
            "time": "2018-06-22T13:40:45+00:00"
        },
        {
            "name": "up-plugins/woocommerce-additional-variation-images",
            "version": "dev-master",
            "source": {
                "type": "git",
                "url": "https://bitbucket.org/upcomposer/woocommerce-additional-variation-images.git",
                "reference": "c8cc75b14c3675610e9692c2a6ae4d2527b452c8"
            },
            "dist": {
                "type": "zip",
                "url": "https://bitbucket.org/upcomposer/woocommerce-additional-variation-images/get/c8cc75b14c3675610e9692c2a6ae4d2527b452c8.zip",
                "reference": "c8cc75b14c3675610e9692c2a6ae4d2527b452c8",
                "shasum": ""
            },
            "require": {
                "composer/installers": "~1.0"
            },
            "type": "wordpress-plugin",
            "authors": [
                {
                    "name": "Urban Pixels",
                    "email": "info@urbanpixels.com"
                }
            ],
            "description": "WooCommerce Additional Variation Images",
            "homepage": "https://bitbucket.org/upcomposer/woocommerce-additional-variation-images",
            "support": {
                "source": "https://bitbucket.org/upcomposer/woocommerce-additional-variation-images/src/c8cc75b14c3675610e9692c2a6ae4d2527b452c8/?at=master"
            },
            "time": "2018-08-23T10:54:42+00:00"
        },
        {
            "name": "up-plugins/woocommerce-brands",
            "version": "dev-master",
            "source": {
                "type": "git",
                "url": "https://bitbucket.org/upcomposer/woocommerce-brands.git",
                "reference": "c4bd082bb09e3e4f3fe2763a39779f22c0fe8716"
            },
            "dist": {
                "type": "zip",
                "url": "https://bitbucket.org/upcomposer/woocommerce-brands/get/c4bd082bb09e3e4f3fe2763a39779f22c0fe8716.zip",
                "reference": "c4bd082bb09e3e4f3fe2763a39779f22c0fe8716",
                "shasum": ""
            },
            "require": {
                "composer/installers": "~1.0"
            },
            "type": "wordpress-plugin",
            "authors": [
                {
                    "name": "Urban Pixels",
                    "email": "info@urbanpixels.com"
                }
            ],
            "description": "WooCommerce Brands field",
            "homepage": "https://bitbucket.org/upcomposer/woocommerce-brands",
            "support": {
                "source": "https://bitbucket.org/upcomposer/woocommerce-brands/src/c4bd082bb09e3e4f3fe2763a39779f22c0fe8716/?at=master"
            },
            "time": "2018-01-02T14:38:03+00:00"
        },
        {
            "name": "up-plugins/woocommerce-cost-of-goods",
            "version": "dev-master",
            "source": {
                "type": "git",
                "url": "https://bitbucket.org/upcomposer/woocommerce-cost-of-goods.git",
                "reference": "f9a88ba6151c5036889e123141f657a64d81dedc"
            },
            "dist": {
                "type": "zip",
                "url": "https://bitbucket.org/upcomposer/woocommerce-cost-of-goods/get/f9a88ba6151c5036889e123141f657a64d81dedc.zip",
                "reference": "f9a88ba6151c5036889e123141f657a64d81dedc",
                "shasum": ""
            },
            "require": {
                "composer/installers": "~1.0"
            },
            "type": "wordpress-plugin",
            "authors": [
                {
                    "name": "Urban Pixels",
                    "email": "info@urbanpixels.com"
                }
            ],
            "description": "WooCommerce Cost of Goods Sold",
            "homepage": "https://bitbucket.org/upcomposer/woocommerce-cost-of-goods",
            "support": {
                "source": "https://bitbucket.org/upcomposer/woocommerce-cost-of-goods/src/f9a88ba6151c5036889e123141f657a64d81dedc/?at=master"
            },
            "time": "2017-05-15T16:41:08+00:00"
        },
        {
            "name": "up-plugins/woocommerce-gateway-stripe",
            "version": "dev-master",
            "source": {
                "type": "git",
                "url": "https://bitbucket.org/upcomposer/woocommerce-gateway-stripe.git",
                "reference": "5c395d46f5dad53207022d7019c4034704d6cbef"
            },
            "dist": {
                "type": "zip",
                "url": "https://bitbucket.org/upcomposer/woocommerce-gateway-stripe/get/5c395d46f5dad53207022d7019c4034704d6cbef.zip",
                "reference": "5c395d46f5dad53207022d7019c4034704d6cbef",
                "shasum": ""
            },
            "require": {
                "composer/installers": "~1.0"
            },
            "type": "wordpress-plugin",
            "authors": [
                {
                    "name": "Urban Pixels",
                    "email": "info@urbanpixels.com"
                }
            ],
            "description": "WooCommerce Stripe Payment Gateway",
            "homepage": "https://bitbucket.org/upcomposer/woocommerce-gateway-stripe",
            "support": {
                "source": "https://bitbucket.org/upcomposer/woocommerce-gateway-stripe/src/5c395d46f5dad53207022d7019c4034704d6cbef/?at=master"
            },
            "time": "2018-10-08T11:08:00+00:00"
        },
        {
            "name": "up-plugins/woocommerce-google-analytics-pro",
            "version": "dev-master",
            "source": {
                "type": "git",
                "url": "https://bitbucket.org/upcomposer/woocommerce-google-analytics-pro.git",
                "reference": "21801b9839e8dde1263104b813f4c2156676c1ae"
            },
            "dist": {
                "type": "zip",
                "url": "https://bitbucket.org/upcomposer/woocommerce-google-analytics-pro/get/21801b9839e8dde1263104b813f4c2156676c1ae.zip",
                "reference": "21801b9839e8dde1263104b813f4c2156676c1ae",
                "shasum": ""
            },
            "require": {
                "composer/installers": "~1.0"
            },
            "type": "wordpress-plugin",
            "authors": [
                {
                    "name": "Urban Pixels",
                    "email": "info@urbanpixels.com"
                }
            ],
            "description": "WooCommerce Google Analytics Pro",
            "homepage": "https://bitbucket.org/upcomposer/woocommerce-google-analytics-pro",
            "support": {
                "source": "https://bitbucket.org/upcomposer/woocommerce-google-analytics-pro/src/21801b9839e8dde1263104b813f4c2156676c1ae/?at=master"
            },
            "time": "2018-09-24T20:22:05+00:00"
        },
        {
            "name": "up-plugins/woocommerce-social-login",
            "version": "dev-master",
            "source": {
                "type": "git",
                "url": "https://bitbucket.org/upcomposer/woocommerce-social-login.git",
                "reference": "dd9cca271b1cfbf7037853085ed60ef8561d513c"
            },
            "dist": {
                "type": "zip",
                "url": "https://bitbucket.org/upcomposer/woocommerce-social-login/get/dd9cca271b1cfbf7037853085ed60ef8561d513c.zip",
                "reference": "dd9cca271b1cfbf7037853085ed60ef8561d513c",
                "shasum": ""
            },
            "require": {
                "composer/installers": "~1.0"
            },
            "type": "wordpress-plugin",
            "authors": [
                {
                    "name": "Urban Pixels",
                    "email": "info@urbanpixels.com"
                }
            ],
            "description": "WooCommerce Social Login",
            "homepage": "https://bitbucket.org/upcomposer/woocommerce-social-login",
            "support": {
                "source": "https://bitbucket.org/upcomposer/woocommerce-social-login/src/dd9cca271b1cfbf7037853085ed60ef8561d513c/?at=master"
            },
            "time": "2018-08-28T14:13:07+00:00"
        },
        {
            "name": "up-plugins/woocommerce-square",
            "version": "dev-master",
            "source": {
                "type": "git",
                "url": "https://bitbucket.org/upcomposer/woocommerce-square.git",
                "reference": "43bea1062dfa44976e12cdf862c379ff77b4e013"
            },
            "dist": {
                "type": "zip",
                "url": "https://bitbucket.org/upcomposer/woocommerce-square/get/43bea1062dfa44976e12cdf862c379ff77b4e013.zip",
                "reference": "43bea1062dfa44976e12cdf862c379ff77b4e013",
                "shasum": ""
            },
            "require": {
                "composer/installers": "~1.0"
            },
            "type": "wordpress-plugin",
            "authors": [
                {
                    "name": "Urban Pixels",
                    "email": "info@urbanpixels.com"
                }
            ],
            "description": "WooCommerce Square eCommerce Plugin",
            "homepage": "https://bitbucket.org/upcomposer/woocommerce-square",
            "support": {
                "source": "https://bitbucket.org/upcomposer/woocommerce-square/src/43bea1062dfa44976e12cdf862c379ff77b4e013/?at=master"
            },
            "time": "2018-09-07T13:12:03+00:00"
        },
        {
            "name": "up-plugins/woocommerce-table-rate-shipping",
            "version": "dev-master",
            "source": {
                "type": "git",
                "url": "https://bitbucket.org/upcomposer/woocommerce-table-rate-shipping.git",
                "reference": "45f6da3333a656b469a8736ad08d9576d16a445e"
            },
            "dist": {
                "type": "zip",
                "url": "https://bitbucket.org/upcomposer/woocommerce-table-rate-shipping/get/45f6da3333a656b469a8736ad08d9576d16a445e.zip",
                "reference": "45f6da3333a656b469a8736ad08d9576d16a445e",
                "shasum": ""
            },
            "require": {
                "composer/installers": "~1.0"
            },
            "type": "wordpress-plugin",
            "authors": [
                {
                    "name": "Urban Pixels",
                    "email": "info@urbanpixels.com"
                }
            ],
            "description": "WooCommerce Table Rate Shipping",
            "homepage": "https://bitbucket.org/upcomposer/woocommerce-table-rate-shipping",
            "support": {
                "source": "https://bitbucket.org/upcomposer/woocommerce-table-rate-shipping/src/45f6da3333a656b469a8736ad08d9576d16a445e/?at=master"
            },
            "time": "2018-09-18T17:45:46+00:00"
        },
        {
            "name": "up-plugins/woocommerce-variation-swatches-and-photos",
            "version": "dev-master",
            "source": {
                "type": "git",
                "url": "https://bitbucket.org/upcomposer/woocommerce-variation-swatches-and-photos.git",
                "reference": "9f7513406205c4aabad1ac6f429e8b34a2a63972"
            },
            "dist": {
                "type": "zip",
                "url": "https://bitbucket.org/upcomposer/woocommerce-variation-swatches-and-photos/get/9f7513406205c4aabad1ac6f429e8b34a2a63972.zip",
                "reference": "9f7513406205c4aabad1ac6f429e8b34a2a63972",
                "shasum": ""
            },
            "require": {
                "composer/installers": "~1.0"
            },
            "type": "wordpress-plugin",
            "authors": [
                {
                    "name": "Urban Pixels",
                    "email": "info@urbanpixels.com"
                }
            ],
            "description": "WooCommerce Variation Swatches and Photos",
            "homepage": "https://bitbucket.org/upcomposer/woocommerce-variation-swatches-and-photos",
            "support": {
                "source": "https://bitbucket.org/upcomposer/woocommerce-variation-swatches-and-photos/src/9f7513406205c4aabad1ac6f429e8b34a2a63972/?at=master"
            },
            "time": "2017-02-28T22:47:57+00:00"
        },
        {
            "name": "up-plugins/woothemes-updater",
            "version": "dev-master",
            "source": {
                "type": "git",
                "url": "https://bitbucket.org/upcomposer/woothemes-updater.git",
                "reference": "5f8aa2a14ff9679e3cb50db066152279720a52f4"
            },
            "dist": {
                "type": "zip",
                "url": "https://bitbucket.org/upcomposer/woothemes-updater/get/5f8aa2a14ff9679e3cb50db066152279720a52f4.zip",
                "reference": "5f8aa2a14ff9679e3cb50db066152279720a52f4",
                "shasum": ""
            },
            "require": {
                "composer/installers": "~1.0"
            },
            "type": "wordpress-plugin",
            "authors": [
                {
                    "name": "Urban Pixels",
                    "email": "info@urbanpixels.com"
                }
            ],
            "description": "WooThemes Helper",
            "homepage": "https://bitbucket.org/upcomposer/woothemes-updater",
            "support": {
                "source": "https://bitbucket.org/upcomposer/woothemes-updater/src/5f8aa2a14ff9679e3cb50db066152279720a52f4/?at=master"
            },
            "time": "2017-01-03T22:11:50+00:00"
        },
        {
            "name": "up-plugins/wp-all-export-pro",
            "version": "dev-master",
            "source": {
                "type": "git",
                "url": "https://bitbucket.org/upcomposer/wp-all-export-pro.git",
                "reference": "ac7fa61d7584a71a47b0454f310edb0c3d055efb"
            },
            "dist": {
                "type": "zip",
                "url": "https://bitbucket.org/upcomposer/wp-all-export-pro/get/ac7fa61d7584a71a47b0454f310edb0c3d055efb.zip",
                "reference": "ac7fa61d7584a71a47b0454f310edb0c3d055efb",
                "shasum": ""
            },
            "require": {
                "composer/installers": "~1.0"
            },
            "type": "wordpress-plugin",
            "authors": [
                {
                    "name": "Urban Pixels",
                    "email": "info@urbanpixels.com"
                }
            ],
            "description": "WP All Export Pro",
            "homepage": "https://bitbucket.org/upcomposer/wp-all-export-pro",
            "support": {
                "source": "https://bitbucket.org/upcomposer/wp-all-export-pro/src/ac7fa61d7584a71a47b0454f310edb0c3d055efb/?at=master"
            },
            "time": "2017-08-15T13:45:21+00:00"
        },
        {
            "name": "wpackagist-plugin/akismet",
            "version": "4.0.8",
            "source": {
                "type": "svn",
                "url": "https://plugins.svn.wordpress.org/akismet/",
                "reference": "tags/4.0.8"
            },
            "dist": {
                "type": "zip",
                "url": "https://downloads.wordpress.org/plugin/akismet.4.0.8.zip",
                "reference": null,
                "shasum": null
            },
            "require": {
                "composer/installers": "~1.0"
            },
            "type": "wordpress-plugin",
            "homepage": "https://wordpress.org/plugins/akismet/"
        },
        {
            "name": "wpackagist-plugin/categories-images",
            "version": "2.5.4",
            "source": {
                "type": "svn",
                "url": "https://plugins.svn.wordpress.org/categories-images/",
                "reference": "tags/2.5.4"
            },
            "dist": {
                "type": "zip",
                "url": "https://downloads.wordpress.org/plugin/categories-images.2.5.4.zip",
                "reference": null,
                "shasum": null
            },
            "require": {
                "composer/installers": "~1.0"
            },
            "type": "wordpress-plugin",
            "homepage": "https://wordpress.org/plugins/categories-images/"
        },
        {
            "name": "wpackagist-plugin/disable-comments",
            "version": "1.7.1",
            "source": {
                "type": "svn",
                "url": "https://plugins.svn.wordpress.org/disable-comments/",
                "reference": "tags/1.7.1"
            },
            "dist": {
                "type": "zip",
                "url": "https://downloads.wordpress.org/plugin/disable-comments.1.7.1.zip",
                "reference": null,
                "shasum": null
            },
            "require": {
                "composer/installers": "~1.0"
            },
            "type": "wordpress-plugin",
            "homepage": "https://wordpress.org/plugins/disable-comments/"
        },
        {
            "name": "wpackagist-plugin/disable-xml-rpc",
            "version": "1.0.1",
            "source": {
                "type": "svn",
                "url": "https://plugins.svn.wordpress.org/disable-xml-rpc/",
                "reference": "tags/1.0.1"
            },
            "dist": {
                "type": "zip",
                "url": "https://downloads.wordpress.org/plugin/disable-xml-rpc.1.0.1.zip",
                "reference": null,
                "shasum": null
            },
            "require": {
                "composer/installers": "~1.0"
            },
            "type": "wordpress-plugin",
            "homepage": "https://wordpress.org/plugins/disable-xml-rpc/"
        },
        {
            "name": "wpackagist-plugin/disable-xml-rpc-pingback",
            "version": "1.1",
            "source": {
                "type": "svn",
                "url": "https://plugins.svn.wordpress.org/disable-xml-rpc-pingback/",
                "reference": "tags/1.1"
            },
            "dist": {
                "type": "zip",
                "url": "https://downloads.wordpress.org/plugin/disable-xml-rpc-pingback.1.1.zip",
                "reference": null,
                "shasum": null
            },
            "require": {
                "composer/installers": "~1.0"
            },
            "type": "wordpress-plugin",
            "homepage": "https://wordpress.org/plugins/disable-xml-rpc-pingback/"
        },
        {
            "name": "wpackagist-plugin/google-analytics-for-wordpress",
            "version": "7.2.0",
            "source": {
                "type": "svn",
                "url": "https://plugins.svn.wordpress.org/google-analytics-for-wordpress/",
                "reference": "tags/7.2.0"
            },
            "dist": {
                "type": "zip",
                "url": "https://downloads.wordpress.org/plugin/google-analytics-for-wordpress.7.2.0.zip",
                "reference": null,
                "shasum": null
            },
            "require": {
                "composer/installers": "~1.0"
            },
            "type": "wordpress-plugin",
            "homepage": "https://wordpress.org/plugins/google-analytics-for-wordpress/"
        },
        {
            "name": "wpackagist-plugin/google-tag-manager",
            "version": "1.0.2",
            "source": {
                "type": "svn",
                "url": "https://plugins.svn.wordpress.org/google-tag-manager/",
                "reference": "tags/1.0.2"
            },
            "dist": {
                "type": "zip",
                "url": "https://downloads.wordpress.org/plugin/google-tag-manager.1.0.2.zip",
                "reference": null,
                "shasum": null
            },
            "require": {
                "composer/installers": "~1.0"
            },
            "type": "wordpress-plugin",
            "homepage": "https://wordpress.org/plugins/google-tag-manager/"
        },
        {
            "name": "wpackagist-plugin/hide-admin-bar",
            "version": "0.3.9.4",
            "source": {
                "type": "svn",
                "url": "https://plugins.svn.wordpress.org/hide-admin-bar/",
                "reference": "tags/0.3.9.4"
            },
            "dist": {
                "type": "zip",
                "url": "https://downloads.wordpress.org/plugin/hide-admin-bar.0.3.9.4.zip",
                "reference": null,
                "shasum": null
            },
            "require": {
                "composer/installers": "~1.0"
            },
            "type": "wordpress-plugin",
            "homepage": "https://wordpress.org/plugins/hide-admin-bar/"
        },
        {
            "name": "wpackagist-plugin/hyper-cache",
            "version": "3.3.7",
            "source": {
                "type": "svn",
                "url": "https://plugins.svn.wordpress.org/hyper-cache/",
                "reference": "tags/3.3.7"
            },
            "dist": {
                "type": "zip",
                "url": "https://downloads.wordpress.org/plugin/hyper-cache.3.3.7.zip",
                "reference": null,
                "shasum": null
            },
            "require": {
                "composer/installers": "~1.0"
            },
            "type": "wordpress-plugin",
            "homepage": "https://wordpress.org/plugins/hyper-cache/"
        },
        {
            "name": "wpackagist-plugin/jetpack",
            "version": "6.5",
            "source": {
                "type": "svn",
                "url": "https://plugins.svn.wordpress.org/jetpack/",
                "reference": "tags/6.5"
            },
            "dist": {
                "type": "zip",
                "url": "https://downloads.wordpress.org/plugin/jetpack.6.5.zip",
                "reference": null,
                "shasum": null
            },
            "require": {
                "composer/installers": "~1.0"
            },
            "type": "wordpress-plugin",
            "homepage": "https://wordpress.org/plugins/jetpack/"
        },
        {
            "name": "wpackagist-plugin/mailchimp-for-wp",
            "version": "4.2.5",
            "source": {
                "type": "svn",
                "url": "https://plugins.svn.wordpress.org/mailchimp-for-wp/",
                "reference": "tags/4.2.5"
            },
            "dist": {
                "type": "zip",
                "url": "https://downloads.wordpress.org/plugin/mailchimp-for-wp.4.2.5.zip",
                "reference": null,
                "shasum": null
            },
            "require": {
                "composer/installers": "~1.0"
            },
            "type": "wordpress-plugin",
            "homepage": "https://wordpress.org/plugins/mailchimp-for-wp/"
        },
        {
            "name": "wpackagist-plugin/memcached",
            "version": "3.0.1",
            "source": {
                "type": "svn",
                "url": "https://plugins.svn.wordpress.org/memcached/",
                "reference": "tags/3.0.1"
            },
            "dist": {
                "type": "zip",
                "url": "https://downloads.wordpress.org/plugin/memcached.3.0.1.zip",
                "reference": null,
                "shasum": null
            },
            "require": {
                "composer/installers": "~1.0"
            },
            "type": "wordpress-plugin",
            "homepage": "https://wordpress.org/plugins/memcached/"
        },
        {
            "name": "wpackagist-plugin/pixelyoursite",
            "version": "5.3.2",
            "source": {
                "type": "svn",
                "url": "https://plugins.svn.wordpress.org/pixelyoursite/",
                "reference": "tags/5.3.2"
            },
            "dist": {
                "type": "zip",
                "url": "https://downloads.wordpress.org/plugin/pixelyoursite.5.3.2.zip",
                "reference": null,
                "shasum": null
            },
            "require": {
                "composer/installers": "~1.0"
            },
            "type": "wordpress-plugin",
            "homepage": "https://wordpress.org/plugins/pixelyoursite/"
        },
        {
            "name": "wpackagist-plugin/post-types-order",
            "version": "1.9.3.9",
            "source": {
                "type": "svn",
                "url": "https://plugins.svn.wordpress.org/post-types-order/",
                "reference": "tags/1.9.3.9"
            },
            "dist": {
                "type": "zip",
                "url": "https://downloads.wordpress.org/plugin/post-types-order.1.9.3.9.zip",
                "reference": null,
                "shasum": null
            },
            "require": {
                "composer/installers": "~1.0"
            },
            "type": "wordpress-plugin",
            "homepage": "https://wordpress.org/plugins/post-types-order/"
        },
        {
            "name": "wpackagist-plugin/redirection",
            "version": "3.5",
            "source": {
                "type": "svn",
                "url": "https://plugins.svn.wordpress.org/redirection/",
                "reference": "tags/3.5"
            },
            "dist": {
                "type": "zip",
                "url": "https://downloads.wordpress.org/plugin/redirection.3.5.zip",
                "reference": null,
                "shasum": null
            },
            "require": {
                "composer/installers": "~1.0"
            },
            "type": "wordpress-plugin",
            "homepage": "https://wordpress.org/plugins/redirection/"
        },
        {
            "name": "wpackagist-plugin/regenerate-thumbnails",
            "version": "3.0.2",
            "source": {
                "type": "svn",
                "url": "https://plugins.svn.wordpress.org/regenerate-thumbnails/",
                "reference": "tags/3.0.2"
            },
            "dist": {
                "type": "zip",
                "url": "https://downloads.wordpress.org/plugin/regenerate-thumbnails.3.0.2.zip",
                "reference": null,
                "shasum": null
            },
            "require": {
                "composer/installers": "~1.0"
            },
            "type": "wordpress-plugin",
            "homepage": "https://wordpress.org/plugins/regenerate-thumbnails/"
        },
        {
            "name": "wpackagist-plugin/subscribe-and-connect",
            "version": "1.1.4",
            "source": {
                "type": "svn",
                "url": "https://plugins.svn.wordpress.org/subscribe-and-connect/",
                "reference": "tags/1.1.4"
            },
            "dist": {
                "type": "zip",
                "url": "https://downloads.wordpress.org/plugin/subscribe-and-connect.1.1.4.zip",
                "reference": null,
                "shasum": null
            },
            "require": {
                "composer/installers": "~1.0"
            },
            "type": "wordpress-plugin",
            "homepage": "https://wordpress.org/plugins/subscribe-and-connect/"
        },
        {
            "name": "wpackagist-plugin/sucuri-scanner",
            "version": "1.8.18",
            "source": {
                "type": "svn",
                "url": "https://plugins.svn.wordpress.org/sucuri-scanner/",
                "reference": "tags/1.8.18"
            },
            "dist": {
                "type": "zip",
                "url": "https://downloads.wordpress.org/plugin/sucuri-scanner.1.8.18.zip",
                "reference": null,
                "shasum": null
            },
            "require": {
                "composer/installers": "~1.0"
            },
            "type": "wordpress-plugin",
            "homepage": "https://wordpress.org/plugins/sucuri-scanner/"
        },
        {
            "name": "wpackagist-plugin/svg-support",
            "version": "2.3.15",
            "source": {
                "type": "svn",
                "url": "https://plugins.svn.wordpress.org/svg-support/",
                "reference": "tags/2.3.15"
            },
            "dist": {
                "type": "zip",
                "url": "https://downloads.wordpress.org/plugin/svg-support.2.3.15.zip",
                "reference": null,
                "shasum": null
            },
            "require": {
                "composer/installers": "~1.0"
            },
            "type": "wordpress-plugin",
            "homepage": "https://wordpress.org/plugins/svg-support/"
        },
        {
            "name": "wpackagist-plugin/tawkto-live-chat",
            "version": "0.3.4",
            "source": {
                "type": "svn",
                "url": "https://plugins.svn.wordpress.org/tawkto-live-chat/",
                "reference": "trunk"
            },
            "dist": {
                "type": "zip",
                "url": "https://downloads.wordpress.org/plugin/tawkto-live-chat.zip?timestamp=1511972140",
                "reference": null,
                "shasum": null
            },
            "require": {
                "composer/installers": "~1.0"
            },
            "type": "wordpress-plugin",
            "homepage": "https://wordpress.org/plugins/tawkto-live-chat/"
        },
        {
            "name": "wpackagist-plugin/taxjar-simplified-taxes-for-woocommerce",
            "version": "2.0.1",
            "source": {
                "type": "svn",
                "url": "https://plugins.svn.wordpress.org/taxjar-simplified-taxes-for-woocommerce/",
                "reference": "tags/2.0.1"
            },
            "dist": {
                "type": "zip",
                "url": "https://downloads.wordpress.org/plugin/taxjar-simplified-taxes-for-woocommerce.2.0.1.zip",
                "reference": null,
                "shasum": null
            },
            "require": {
                "composer/installers": "~1.0"
            },
            "type": "wordpress-plugin",
            "homepage": "https://wordpress.org/plugins/taxjar-simplified-taxes-for-woocommerce/"
        },
        {
            "name": "wpackagist-plugin/timber-library",
            "version": "1.8.1",
            "source": {
                "type": "svn",
                "url": "https://plugins.svn.wordpress.org/timber-library/",
                "reference": "tags/1.8.1"
            },
            "dist": {
                "type": "zip",
                "url": "https://downloads.wordpress.org/plugin/timber-library.1.8.1.zip",
                "reference": null,
                "shasum": null
            },
            "require": {
                "composer/installers": "~1.0"
            },
            "type": "wordpress-plugin",
            "homepage": "https://wordpress.org/plugins/timber-library/"
        },
        {
            "name": "wpackagist-plugin/woocommerce",
            "version": "3.4.5",
            "source": {
                "type": "svn",
                "url": "https://plugins.svn.wordpress.org/woocommerce/",
                "reference": "tags/3.4.5"
            },
            "dist": {
                "type": "zip",
                "url": "https://downloads.wordpress.org/plugin/woocommerce.3.4.5.zip",
                "reference": null,
                "shasum": null
            },
            "require": {
                "composer/installers": "~1.0"
            },
            "type": "wordpress-plugin",
            "homepage": "https://wordpress.org/plugins/woocommerce/"
        },
        {
            "name": "wpackagist-plugin/woocommerce-auto-added-coupons",
            "version": "3.0.2",
            "source": {
                "type": "svn",
                "url": "https://plugins.svn.wordpress.org/woocommerce-auto-added-coupons/",
                "reference": "tags/3.0.2"
            },
            "dist": {
                "type": "zip",
                "url": "https://downloads.wordpress.org/plugin/woocommerce-auto-added-coupons.3.0.2.zip",
                "reference": null,
                "shasum": null
            },
            "require": {
                "composer/installers": "~1.0"
            },
            "type": "wordpress-plugin",
            "homepage": "https://wordpress.org/plugins/woocommerce-auto-added-coupons/"
        },
        {
            "name": "wpackagist-plugin/woocommerce-products-without-featured-images",
            "version": "0.1",
            "source": {
                "type": "svn",
                "url": "https://plugins.svn.wordpress.org/woocommerce-products-without-featured-images/",
                "reference": "tags/0.1"
            },
            "dist": {
                "type": "zip",
                "url": "https://downloads.wordpress.org/plugin/woocommerce-products-without-featured-images.0.1.zip",
                "reference": null,
                "shasum": null
            },
            "require": {
                "composer/installers": "~1.0"
            },
            "type": "wordpress-plugin",
            "homepage": "https://wordpress.org/plugins/woocommerce-products-without-featured-images/"
        },
        {
            "name": "wpackagist-plugin/wordpress-seo",
            "version": "8.3",
            "source": {
                "type": "svn",
                "url": "https://plugins.svn.wordpress.org/wordpress-seo/",
                "reference": "tags/8.3"
            },
            "dist": {
                "type": "zip",
                "url": "https://downloads.wordpress.org/plugin/wordpress-seo.8.3.zip",
                "reference": null,
                "shasum": null
            },
            "require": {
                "composer/installers": "~1.0"
            },
            "type": "wordpress-plugin",
            "homepage": "https://wordpress.org/plugins/wordpress-seo/"
        },
        {
            "name": "wpackagist-plugin/wp-ses",
            "version": "0.8.1",
            "source": {
                "type": "svn",
                "url": "https://plugins.svn.wordpress.org/wp-ses/",
                "reference": "trunk"
            },
            "dist": {
                "type": "zip",
                "url": "https://downloads.wordpress.org/plugin/wp-ses.zip?timestamp=1528324934",
                "reference": null,
                "shasum": null
            },
            "require": {
                "composer/installers": "~1.0"
            },
            "type": "wordpress-plugin",
            "homepage": "https://wordpress.org/plugins/wp-ses/"
        }
    ],
    "packages-dev": [],
    "aliases": [],
    "minimum-stability": "stable",
    "stability-flags": {
        "up-plugins/advanced-custom-fields-pro": 20,
        "up-plugins/facebook-for-woocommerce": 20,
        "up-plugins/upco-performance": 20,
        "up-plugins/woocommerce-brands": 20,
        "up-plugins/woocommerce-gateway-stripe": 20,
        "up-plugins/woocommerce-google-analytics-pro": 20,
        "up-plugins/woocommerce-cost-of-goods": 20,
        "up-plugins/woocommerce-social-login": 20,
        "up-plugins/woocommerce-square": 20,
        "up-plugins/woocommerce-table-rate-shipping": 20,
        "up-plugins/woothemes-updater": 20,
        "up-plugins/wp-all-export-pro": 20,
        "up-plugins/woocommerce-additional-variation-images": 20,
        "up-plugins/woocommerce-variation-swatches-and-photos": 20
    },
    "prefer-stable": false,
    "prefer-lowest": false,
    "platform": [],
    "platform-dev": []
}
